{
  "name": "kredi-one",
  "version": "1.0.0",
  "description": "Your project description",
  "main": "index.js",
  "scripts": {
    "start": "node index.js",
    "build": "echo 'Build step'",
    "test": "echo 'Test step'"
  },
  "dependencies": {
    // Add your project dependencies here
  },
  "devDependencies": {
    // Add development dependencies here
  }
}
